
Microsoft Visual Studio Solution File, Format Version 12.00
Project("{FAE04EC0-301F-11D3-BF4B-00C04F79EFBC}") = "NTeoTestBuildeR", "NTeoTestBuildeR.csproj", "{2D8DD2A3-532F-4A0F-9FED-34F7AE722F51}"
EndProject
Global
	GlobalSection(SolutionConfigurationPlatforms) = preSolution
		Debug|Any CPU = Debug|Any CPU
		Release|Any CPU = Release|Any CPU
	EndGlobalSection
	GlobalSection(ProjectConfigurationPlatforms) = postSolution
		{2D8DD2A3-532F-4A0F-9FED-34F7AE722F51}.Debug|Any CPU.ActiveCfg = Debug|Any CPU
		{2D8DD2A3-532F-4A0F-9FED-34F7AE722F51}.Debug|Any CPU.Build.0 = Debug|Any CPU
		{2D8DD2A3-532F-4A0F-9FED-34F7AE722F51}.Release|Any CPU.ActiveCfg = Release|Any CPU
		{2D8DD2A3-532F-4A0F-9FED-34F7AE722F51}.Release|Any CPU.Build.0 = Release|Any CPU
	EndGlobalSection
EndGlobal
